// !$*UTF8*$!
{
	archiveVersion = 1;
	classes = {
	};
	objectVersion = 46;
	objects = {

/* Begin PBXBuildFile section */
		010FB43D1C83F79C002E0DDD /* AudioPlayer.m in Sources */ = {isa = PBXBuildFile; fileRef = 010FB43C1C83F79C002E0DDD /* AudioPlayer.m */; };
		010FB4411C84281B002E0DDD /* 你看蓝蓝的天.mp3 in Resources */ = {isa = PBXBuildFile; fileRef = 010FB4401C84281B002E0DDD /* 你看蓝蓝的天.mp3 */; };
		010FB4431C84290F002E0DDD /* 你看蓝蓝的天.lrc in Resources */ = {isa = PBXBuildFile; fileRef = 010FB4421C84290F002E0DDD /* 你看蓝蓝的天.lrc */; };
		010FB4951C843851002E0DDD /* NSMutableArray+STKAudioPlayer.m in Sources */ = {isa = PBXBuildFile; fileRef = 010FB4831C843851002E0DDD /* NSMutableArray+STKAudioPlayer.m */; };
		010FB4961C843851002E0DDD /* STKAudioPlayer.m in Sources */ = {isa = PBXBuildFile; fileRef = 010FB4851C843851002E0DDD /* STKAudioPlayer.m */; };
		010FB4971C843851002E0DDD /* STKAutoRecoveringHTTPDataSource.m in Sources */ = {isa = PBXBuildFile; fileRef = 010FB4871C843851002E0DDD /* STKAutoRecoveringHTTPDataSource.m */; };
		010FB4981C843851002E0DDD /* STKCoreFoundationDataSource.m in Sources */ = {isa = PBXBuildFile; fileRef = 010FB4891C843851002E0DDD /* STKCoreFoundationDataSource.m */; };
		010FB4991C843851002E0DDD /* STKDataSource.m in Sources */ = {isa = PBXBuildFile; fileRef = 010FB48B1C843851002E0DDD /* STKDataSource.m */; };
		010FB49A1C843851002E0DDD /* STKDataSourceWrapper.m in Sources */ = {isa = PBXBuildFile; fileRef = 010FB48D1C843851002E0DDD /* STKDataSourceWrapper.m */; };
		010FB49B1C843851002E0DDD /* STKHTTPDataSource.m in Sources */ = {isa = PBXBuildFile; fileRef = 010FB48F1C843851002E0DDD /* STKHTTPDataSource.m */; };
		010FB49C1C843851002E0DDD /* STKLocalFileDataSource.m in Sources */ = {isa = PBXBuildFile; fileRef = 010FB4911C843851002E0DDD /* STKLocalFileDataSource.m */; };
		010FB49D1C843851002E0DDD /* STKQueueEntry.m in Sources */ = {isa = PBXBuildFile; fileRef = 010FB4931C843851002E0DDD /* STKQueueEntry.m */; };
		01D19CB81C802D0F00C963F2 /* main.m in Sources */ = {isa = PBXBuildFile; fileRef = 01D19CB71C802D0F00C963F2 /* main.m */; };
		01D19CBB1C802D0F00C963F2 /* AppDelegate.m in Sources */ = {isa = PBXBuildFile; fileRef = 01D19CBA1C802D0F00C963F2 /* AppDelegate.m */; };
		01D19CC11C802D0F00C963F2 /* Main.storyboard in Resources */ = {isa = PBXBuildFile; fileRef = 01D19CBF1C802D0F00C963F2 /* Main.storyboard */; };
		01D19CC31C802D0F00C963F2 /* Assets.xcassets in Resources */ = {isa = PBXBuildFile; fileRef = 01D19CC21C802D0F00C963F2 /* Assets.xcassets */; };
		01D19CC61C802D0F00C963F2 /* LaunchScreen.storyboard in Resources */ = {isa = PBXBuildFile; fileRef = 01D19CC41C802D0F00C963F2 /* LaunchScreen.storyboard */; };
		01D19CD11C802D0F00C963F2 /* XRLrcParseTests.m in Sources */ = {isa = PBXBuildFile; fileRef = 01D19CD01C802D0F00C963F2 /* XRLrcParseTests.m */; };
		01D19CDC1C802D0F00C963F2 /* XRLrcParseUITests.m in Sources */ = {isa = PBXBuildFile; fileRef = 01D19CDB1C802D0F00C963F2 /* XRLrcParseUITests.m */; };
		01E36C101C857B340011CB03 /* CustomNavigationController.m in Sources */ = {isa = PBXBuildFile; fileRef = 01E36C0F1C857B340011CB03 /* CustomNavigationController.m */; };
		01E36C131C857C3F0011CB03 /* XRBaseViewController.m in Sources */ = {isa = PBXBuildFile; fileRef = 01E36C121C857C3F0011CB03 /* XRBaseViewController.m */; };
		01E36C161C857C650011CB03 /* PlayListViewController.m in Sources */ = {isa = PBXBuildFile; fileRef = 01E36C151C857C650011CB03 /* PlayListViewController.m */; };
		01E36C191C857C760011CB03 /* PlayerViewController.m in Sources */ = {isa = PBXBuildFile; fileRef = 01E36C181C857C760011CB03 /* PlayerViewController.m */; };
		01E36C1D1C85947D0011CB03 /* SongModel.m in Sources */ = {isa = PBXBuildFile; fileRef = 01E36C1C1C85947D0011CB03 /* SongModel.m */; };
		01E36C201C85A05F0011CB03 /* 落花.lrc in Resources */ = {isa = PBXBuildFile; fileRef = 01E36C1E1C85A05F0011CB03 /* 落花.lrc */; };
		01E36C211C85A05F0011CB03 /* 落花.mp3 in Resources */ = {isa = PBXBuildFile; fileRef = 01E36C1F1C85A05F0011CB03 /* 落花.mp3 */; };
		01FDAD351C817024000E8AD7 /* LrcDisplayCell.m in Sources */ = {isa = PBXBuildFile; fileRef = 01FDAD331C817024000E8AD7 /* LrcDisplayCell.m */; };
		01FDAD361C817024000E8AD7 /* LrcDisplayCell.xib in Resources */ = {isa = PBXBuildFile; fileRef = 01FDAD341C817024000E8AD7 /* LrcDisplayCell.xib */; };
		01FDAD391C81A0BF000E8AD7 /* LrcInfoModel.m in Sources */ = {isa = PBXBuildFile; fileRef = 01FDAD381C81A0BF000E8AD7 /* LrcInfoModel.m */; };
		E133E74D1C8085FB00A6E697 /* LrcModel.m in Sources */ = {isa = PBXBuildFile; fileRef = E133E74A1C8085FB00A6E697 /* LrcModel.m */; };
		E133E74E1C8085FB00A6E697 /* LrcParseTool.m in Sources */ = {isa = PBXBuildFile; fileRef = E133E74C1C8085FB00A6E697 /* LrcParseTool.m */; };
		E133E7511C80865000A6E697 /* ViewController.m in Sources */ = {isa = PBXBuildFile; fileRef = E133E7501C80865000A6E697 /* ViewController.m */; };
/* End PBXBuildFile section */

/* Begin PBXContainerItemProxy section */
		01D19CCD1C802D0F00C963F2 /* PBXContainerItemProxy */ = {
			isa = PBXContainerItemProxy;
			containerPortal = 01D19CAB1C802D0F00C963F2 /* Project object */;
			proxyType = 1;
			remoteGlobalIDString = 01D19CB21C802D0F00C963F2;
			remoteInfo = XRLrcParse;
		};
		01D19CD81C802D0F00C963F2 /* PBXContainerItemProxy */ = {
			isa = PBXContainerItemProxy;
			containerPortal = 01D19CAB1C802D0F00C963F2 /* Project object */;
			proxyType = 1;
			remoteGlobalIDString = 01D19CB21C802D0F00C963F2;
			remoteInfo = XRLrcParse;
		};
/* End PBXContainerItemProxy section */

/* Begin PBXFileReference section */
		010FB43B1C83F79C002E0DDD /* AudioPlayer.h */ = {isa = PBXFileReference; fileEncoding = 4; lastKnownFileType = sourcecode.c.h; path = AudioPlayer.h; sourceTree = "<group>"; };
		010FB43C1C83F79C002E0DDD /* AudioPlayer.m */ = {isa = PBXFileReference; fileEncoding = 4; lastKnownFileType = sourcecode.c.objc; path = AudioPlayer.m; sourceTree = "<group>"; };
		010FB4401C84281B002E0DDD /* 你看蓝蓝的天.mp3 */ = {isa = PBXFileReference; lastKnownFileType = audio.mp3; path = "你看蓝蓝的天.mp3"; sourceTree = "<group>"; };
		010FB4421C84290F002E0DDD /* 你看蓝蓝的天.lrc */ = {isa = PBXFileReference; fileEncoding = 4; lastKnownFileType = text; path = "你看蓝蓝的天.lrc"; sourceTree = "<group>"; };
		010FB4821C843851002E0DDD /* NSMutableArray+STKAudioPlayer.h */ = {isa = PBXFileReference; fileEncoding = 4; lastKnownFileType = sourcecode.c.h; path = "NSMutableArray+STKAudioPlayer.h"; sourceTree = "<group>"; };
		010FB4831C843851002E0DDD /* NSMutableArray+STKAudioPlayer.m */ = {isa = PBXFileReference; fileEncoding = 4; lastKnownFileType = sourcecode.c.objc; path = "NSMutableArray+STKAudioPlayer.m"; sourceTree = "<group>"; };
		010FB4841C843851002E0DDD /* STKAudioPlayer.h */ = {isa = PBXFileReference; fileEncoding = 4; lastKnownFileType = sourcecode.c.h; path = STKAudioPlayer.h; sourceTree = "<group>"; };
		010FB4851C843851002E0DDD /* STKAudioPlayer.m */ = {isa = PBXFileReference; fileEncoding = 4; lastKnownFileType = sourcecode.c.objc; path = STKAudioPlayer.m; sourceTree = "<group>"; };
		010FB4861C843851002E0DDD /* STKAutoRecoveringHTTPDataSource.h */ = {isa = PBXFileReference; fileEncoding = 4; lastKnownFileType = sourcecode.c.h; path = STKAutoRecoveringHTTPDataSource.h; sourceTree = "<group>"; };
		010FB4871C843851002E0DDD /* STKAutoRecoveringHTTPDataSource.m */ = {isa = PBXFileReference; fileEncoding = 4; lastKnownFileType = sourcecode.c.objc; path = STKAutoRecoveringHTTPDataSource.m; sourceTree = "<group>"; };
		010FB4881C843851002E0DDD /* STKCoreFoundationDataSource.h */ = {isa = PBXFileReference; fileEncoding = 4; lastKnownFileType = sourcecode.c.h; path = STKCoreFoundationDataSource.h; sourceTree = "<group>"; };
		010FB4891C843851002E0DDD /* STKCoreFoundationDataSource.m */ = {isa = PBXFileReference; fileEncoding = 4; lastKnownFileType = sourcecode.c.objc; path = STKCoreFoundationDataSource.m; sourceTree = "<group>"; };
		010FB48A1C843851002E0DDD /* STKDataSource.h */ = {isa = PBXFileReference; fileEncoding = 4; lastKnownFileType = sourcecode.c.h; path = STKDataSource.h; sourceTree = "<group>"; };
		010FB48B1C843851002E0DDD /* STKDataSource.m */ = {isa = PBXFileReference; fileEncoding = 4; lastKnownFileType = sourcecode.c.objc; path = STKDataSource.m; sourceTree = "<group>"; };
		010FB48C1C843851002E0DDD /* STKDataSourceWrapper.h */ = {isa = PBXFileReference; fileEncoding = 4; lastKnownFileType = sourcecode.c.h; path = STKDataSourceWrapper.h; sourceTree = "<group>"; };
		010FB48D1C843851002E0DDD /* STKDataSourceWrapper.m */ = {isa = PBXFileReference; fileEncoding = 4; lastKnownFileType = sourcecode.c.objc; path = STKDataSourceWrapper.m; sourceTree = "<group>"; };
		010FB48E1C843851002E0DDD /* STKHTTPDataSource.h */ = {isa = PBXFileReference; fileEncoding = 4; lastKnownFileType = sourcecode.c.h; path = STKHTTPDataSource.h; sourceTree = "<group>"; };
		010FB48F1C843851002E0DDD /* STKHTTPDataSource.m */ = {isa = PBXFileReference; fileEncoding = 4; lastKnownFileType = sourcecode.c.objc; path = STKHTTPDataSource.m; sourceTree = "<group>"; };
		010FB4901C843851002E0DDD /* STKLocalFileDataSource.h */ = {isa = PBXFileReference; fileEncoding = 4; lastKnownFileType = sourcecode.c.h; path = STKLocalFileDataSource.h; sourceTree = "<group>"; };
		010FB4911C843851002E0DDD /* STKLocalFileDataSource.m */ = {isa = PBXFileReference; fileEncoding = 4; lastKnownFileType = sourcecode.c.objc; path = STKLocalFileDataSource.m; sourceTree = "<group>"; };
		010FB4921C843851002E0DDD /* STKQueueEntry.h */ = {isa = PBXFileReference; fileEncoding = 4; lastKnownFileType = sourcecode.c.h; path = STKQueueEntry.h; sourceTree = "<group>"; };
		010FB4931C843851002E0DDD /* STKQueueEntry.m */ = {isa = PBXFileReference; fileEncoding = 4; lastKnownFileType = sourcecode.c.objc; path = STKQueueEntry.m; sourceTree = "<group>"; };
		01D19CB31C802D0F00C963F2 /* XRLrcParse.app */ = {isa = PBXFileReference; explicitFileType = wrapper.application; includeInIndex = 0; path = XRLrcParse.app; sourceTree = BUILT_PRODUCTS_DIR; };
		01D19CB71C802D0F00C963F2 /* main.m */ = {isa = PBXFileReference; lastKnownFileType = sourcecode.c.objc; path = main.m; sourceTree = "<group>"; };
		01D19CB91C802D0F00C963F2 /* AppDelegate.h */ = {isa = PBXFileReference; lastKnownFileType = sourcecode.c.h; path = AppDelegate.h; sourceTree = "<group>"; };
		01D19CBA1C802D0F00C963F2 /* AppDelegate.m */ = {isa = PBXFileReference; lastKnownFileType = sourcecode.c.objc; path = AppDelegate.m; sourceTree = "<group>"; };
		01D19CC01C802D0F00C963F2 /* Base */ = {isa = PBXFileReference; lastKnownFileType = file.storyboard; name = Base; path = Base.lproj/Main.storyboard; sourceTree = "<group>"; };
		01D19CC21C802D0F00C963F2 /* Assets.xcassets */ = {isa = PBXFileReference; lastKnownFileType = folder.assetcatalog; path = Assets.xcassets; sourceTree = "<group>"; };
		01D19CC51C802D0F00C963F2 /* Base */ = {isa = PBXFileReference; lastKnownFileType = file.storyboard; name = Base; path = Base.lproj/LaunchScreen.storyboard; sourceTree = "<group>"; };
		01D19CC71C802D0F00C963F2 /* Info.plist */ = {isa = PBXFileReference; lastKnownFileType = text.plist.xml; path = Info.plist; sourceTree = "<group>"; };
		01D19CCC1C802D0F00C963F2 /* XRLrcParseTests.xctest */ = {isa = PBXFileReference; explicitFileType = wrapper.cfbundle; includeInIndex = 0; path = XRLrcParseTests.xctest; sourceTree = BUILT_PRODUCTS_DIR; };
		01D19CD01C802D0F00C963F2 /* XRLrcParseTests.m */ = {isa = PBXFileReference; lastKnownFileType = sourcecode.c.objc; path = XRLrcParseTests.m; sourceTree = "<group>"; };
		01D19CD21C802D0F00C963F2 /* Info.plist */ = {isa = PBXFileReference; lastKnownFileType = text.plist.xml; path = Info.plist; sourceTree = "<group>"; };
		01D19CD71C802D0F00C963F2 /* XRLrcParseUITests.xctest */ = {isa = PBXFileReference; explicitFileType = wrapper.cfbundle; includeInIndex = 0; path = XRLrcParseUITests.xctest; sourceTree = BUILT_PRODUCTS_DIR; };
		01D19CDB1C802D0F00C963F2 /* XRLrcParseUITests.m */ = {isa = PBXFileReference; lastKnownFileType = sourcecode.c.objc; path = XRLrcParseUITests.m; sourceTree = "<group>"; };
		01D19CDD1C802D0F00C963F2 /* Info.plist */ = {isa = PBXFileReference; lastKnownFileType = text.plist.xml; path = Info.plist; sourceTree = "<group>"; };
		01E36C0E1C857B340011CB03 /* CustomNavigationController.h */ = {isa = PBXFileReference; fileEncoding = 4; lastKnownFileType = sourcecode.c.h; path = CustomNavigationController.h; sourceTree = "<group>"; };
		01E36C0F1C857B340011CB03 /* CustomNavigationController.m */ = {isa = PBXFileReference; fileEncoding = 4; lastKnownFileType = sourcecode.c.objc; path = CustomNavigationController.m; sourceTree = "<group>"; };
		01E36C111C857C3F0011CB03 /* XRBaseViewController.h */ = {isa = PBXFileReference; fileEncoding = 4; lastKnownFileType = sourcecode.c.h; path = XRBaseViewController.h; sourceTree = "<group>"; };
		01E36C121C857C3F0011CB03 /* XRBaseViewController.m */ = {isa = PBXFileReference; fileEncoding = 4; lastKnownFileType = sourcecode.c.objc; path = XRBaseViewController.m; sourceTree = "<group>"; };
		01E36C141C857C650011CB03 /* PlayListViewController.h */ = {isa = PBXFileReference; fileEncoding = 4; lastKnownFileType = sourcecode.c.h; path = PlayListViewController.h; sourceTree = "<group>"; };
		01E36C151C857C650011CB03 /* PlayListViewController.m */ = {isa = PBXFileReference; fileEncoding = 4; lastKnownFileType = sourcecode.c.objc; path = PlayListViewController.m; sourceTree = "<group>"; };
		01E36C171C857C760011CB03 /* PlayerViewController.h */ = {isa = PBXFileReference; fileEncoding = 4; lastKnownFileType = sourcecode.c.h; path = PlayerViewController.h; sourceTree = "<group>"; };
		01E36C181C857C760011CB03 /* PlayerViewController.m */ = {isa = PBXFileReference; fileEncoding = 4; lastKnownFileType = sourcecode.c.objc; path = PlayerViewController.m; sourceTree = "<group>"; };
		01E36C1B1C85947D0011CB03 /* SongModel.h */ = {isa = PBXFileReference; fileEncoding = 4; lastKnownFileType = sourcecode.c.h; path = SongModel.h; sourceTree = "<group>"; };
		01E36C1C1C85947D0011CB03 /* SongModel.m */ = {isa = PBXFileReference; fileEncoding = 4; lastKnownFileType = sourcecode.c.objc; path = SongModel.m; sourceTree = "<group>"; };
		01E36C1E1C85A05F0011CB03 /* 落花.lrc */ = {isa = PBXFileReference; fileEncoding = 4; lastKnownFileType = text; path = "落花.lrc"; sourceTree = "<group>"; };
		01E36C1F1C85A05F0011CB03 /* 落花.mp3 */ = {isa = PBXFileReference; lastKnownFileType = audio.mp3; path = "落花.mp3"; sourceTree = "<group>"; };
		01FDAD321C817024000E8AD7 /* LrcDisplayCell.h */ = {isa = PBXFileReference; fileEncoding = 4; lastKnownFileType = sourcecode.c.h; path = LrcDisplayCell.h; sourceTree = "<group>"; };
		01FDAD331C817024000E8AD7 /* LrcDisplayCell.m */ = {isa = PBXFileReference; fileEncoding = 4; lastKnownFileType = sourcecode.c.objc; path = LrcDisplayCell.m; sourceTree = "<group>"; };
		01FDAD341C817024000E8AD7 /* LrcDisplayCell.xib */ = {isa = PBXFileReference; fileEncoding = 4; lastKnownFileType = file.xib; path = LrcDisplayCell.xib; sourceTree = "<group>"; };
		01FDAD371C81A0BF000E8AD7 /* LrcInfoModel.h */ = {isa = PBXFileReference; fileEncoding = 4; lastKnownFileType = sourcecode.c.h; path = LrcInfoModel.h; sourceTree = "<group>"; };
		01FDAD381C81A0BF000E8AD7 /* LrcInfoModel.m */ = {isa = PBXFileReference; fileEncoding = 4; lastKnownFileType = sourcecode.c.objc; path = LrcInfoModel.m; sourceTree = "<group>"; };
		E133E7491C8085FB00A6E697 /* LrcModel.h */ = {isa = PBXFileReference; fileEncoding = 4; lastKnownFileType = sourcecode.c.h; path = LrcModel.h; sourceTree = "<group>"; };
		E133E74A1C8085FB00A6E697 /* LrcModel.m */ = {isa = PBXFileReference; fileEncoding = 4; lastKnownFileType = sourcecode.c.objc; path = LrcModel.m; sourceTree = "<group>"; };
		E133E74B1C8085FB00A6E697 /* LrcParseTool.h */ = {isa = PBXFileReference; fileEncoding = 4; lastKnownFileType = sourcecode.c.h; path = LrcParseTool.h; sourceTree = "<group>"; };
		E133E74C1C8085FB00A6E697 /* LrcParseTool.m */ = {isa = PBXFileReference; fileEncoding = 4; lastKnownFileType = sourcecode.c.objc; path = LrcParseTool.m; sourceTree = "<group>"; };
		E133E74F1C80865000A6E697 /* ViewController.h */ = {isa = PBXFileReference; fileEncoding = 4; lastKnownFileType = sourcecode.c.h; path = ViewController.h; sourceTree = "<group>"; };
		E133E7501C80865000A6E697 /* ViewController.m */ = {isa = PBXFileReference; fileEncoding = 4; lastKnownFileType = sourcecode.c.objc; path = ViewController.m; sourceTree = "<group>"; };
/* End PBXFileReference section */

/* Begin PBXFrameworksBuildPhase section */
		01D19CB01C802D0F00C963F2 /* Frameworks */ = {
			isa = PBXFrameworksBuildPhase;
			buildActionMask = 2147483647;
			files = (
			);
			runOnlyForDeploymentPostprocessing = 0;
		};
		01D19CC91C802D0F00C963F2 /* Frameworks */ = {
			isa = PBXFrameworksBuildPhase;
			buildActionMask = 2147483647;
			files = (
			);
			runOnlyForDeploymentPostprocessing = 0;
		};
		01D19CD41C802D0F00C963F2 /* Frameworks */ = {
			isa = PBXFrameworksBuildPhase;
			buildActionMask = 2147483647;
			files = (
			);
			runOnlyForDeploymentPostprocessing = 0;
		};
/* End PBXFrameworksBuildPhase section */

/* Begin PBXGroup section */
		010FB43A1C83F753002E0DDD /* AudioPlayer */ = {
			isa = PBXGroup;
			children = (
				010FB4811C843851002E0DDD /* StreamingKit */,
				010FB43B1C83F79C002E0DDD /* AudioPlayer.h */,
				010FB43C1C83F79C002E0DDD /* AudioPlayer.m */,
			);
			path = AudioPlayer;
			sourceTree = "<group>";
		};
		010FB43F1C84281B002E0DDD /* Resources */ = {
			isa = PBXGroup;
			children = (
				010FB4421C84290F002E0DDD /* 你看蓝蓝的天.lrc */,
				01E36C1E1C85A05F0011CB03 /* 落花.lrc */,
				01E36C1F1C85A05F0011CB03 /* 落花.mp3 */,
				010FB4401C84281B002E0DDD /* 你看蓝蓝的天.mp3 */,
			);
			path = Resources;
			sourceTree = "<group>";
		};
		010FB4811C843851002E0DDD /* StreamingKit */ = {
			isa = PBXGroup;
			children = (
				010FB4821C843851002E0DDD /* NSMutableArray+STKAudioPlayer.h */,
				010FB4831C843851002E0DDD /* NSMutableArray+STKAudioPlayer.m */,
				010FB4841C843851002E0DDD /* STKAudioPlayer.h */,
				010FB4851C843851002E0DDD /* STKAudioPlayer.m */,
				010FB4861C843851002E0DDD /* STKAutoRecoveringHTTPDataSource.h */,
				010FB4871C843851002E0DDD /* STKAutoRecoveringHTTPDataSource.m */,
				010FB4881C843851002E0DDD /* STKCoreFoundationDataSource.h */,
				010FB4891C843851002E0DDD /* STKCoreFoundationDataSource.m */,
				010FB48A1C843851002E0DDD /* STKDataSource.h */,
				010FB48B1C843851002E0DDD /* STKDataSource.m */,
				010FB48C1C843851002E0DDD /* STKDataSourceWrapper.h */,
				010FB48D1C843851002E0DDD /* STKDataSourceWrapper.m */,
				010FB48E1C843851002E0DDD /* STKHTTPDataSource.h */,
				010FB48F1C843851002E0DDD /* STKHTTPDataSource.m */,
				010FB4901C843851002E0DDD /* STKLocalFileDataSource.h */,
				010FB4911C843851002E0DDD /* STKLocalFileDataSource.m */,
				010FB4921C843851002E0DDD /* STKQueueEntry.h */,
				010FB4931C843851002E0DDD /* STKQueueEntry.m */,
			);
			path = StreamingKit;
			sourceTree = "<group>";
		};
		01D19CAA1C802D0F00C963F2 = {
			isa = PBXGroup;
			children = (
				01D19CB51C802D0F00C963F2 /* XRLrcParse */,
				01D19CCF1C802D0F00C963F2 /* XRLrcParseTests */,
				01D19CDA1C802D0F00C963F2 /* XRLrcParseUITests */,
				01D19CB41C802D0F00C963F2 /* Products */,
			);
			sourceTree = "<group>";
		};
		01D19CB41C802D0F00C963F2 /* Products */ = {
			isa = PBXGroup;
			children = (
				01D19CB31C802D0F00C963F2 /* XRLrcParse.app */,
				01D19CCC1C802D0F00C963F2 /* XRLrcParseTests.xctest */,
				01D19CD71C802D0F00C963F2 /* XRLrcParseUITests.xctest */,
			);
			name = Products;
			sourceTree = "<group>";
		};
		01D19CB51C802D0F00C963F2 /* XRLrcParse */ = {
			isa = PBXGroup;
			children = (
				E133E7341C8084F900A6E697 /* Classes */,
				01D19CB91C802D0F00C963F2 /* AppDelegate.h */,
				01D19CBA1C802D0F00C963F2 /* AppDelegate.m */,
				01D19CBF1C802D0F00C963F2 /* Main.storyboard */,
				01D19CC21C802D0F00C963F2 /* Assets.xcassets */,
				01D19CC41C802D0F00C963F2 /* LaunchScreen.storyboard */,
				01D19CC71C802D0F00C963F2 /* Info.plist */,
				01D19CB61C802D0F00C963F2 /* Supporting Files */,
			);
			path = XRLrcParse;
			sourceTree = "<group>";
		};
		01D19CB61C802D0F00C963F2 /* Supporting Files */ = {
			isa = PBXGroup;
			children = (
				010FB43F1C84281B002E0DDD /* Resources */,
				01D19CB71C802D0F00C963F2 /* main.m */,
			);
			name = "Supporting Files";
			sourceTree = "<group>";
		};
		01D19CCF1C802D0F00C963F2 /* XRLrcParseTests */ = {
			isa = PBXGroup;
			children = (
				01D19CD01C802D0F00C963F2 /* XRLrcParseTests.m */,
				01D19CD21C802D0F00C963F2 /* Info.plist */,
			);
			path = XRLrcParseTests;
			sourceTree = "<group>";
		};
		01D19CDA1C802D0F00C963F2 /* XRLrcParseUITests */ = {
			isa = PBXGroup;
			children = (
				01D19CDB1C802D0F00C963F2 /* XRLrcParseUITests.m */,
				01D19CDD1C802D0F00C963F2 /* Info.plist */,
			);
			path = XRLrcParseUITests;
			sourceTree = "<group>";
		};
		01E36C0D1C857AED0011CB03 /* Common */ = {
			isa = PBXGroup;
			children = (
				01E36C0E1C857B340011CB03 /* CustomNavigationController.h */,
				01E36C0F1C857B340011CB03 /* CustomNavigationController.m */,
			);
			path = Common;
			sourceTree = "<group>";
		};
		01E36C1A1C85945C0011CB03 /* Models */ = {
			isa = PBXGroup;
			children = (
				01E36C1B1C85947D0011CB03 /* SongModel.h */,
				01E36C1C1C85947D0011CB03 /* SongModel.m */,
			);
			path = Models;
			sourceTree = "<group>";
		};
		01FDAD311C816FFB000E8AD7 /* Views */ = {
			isa = PBXGroup;
			children = (
				01FDAD321C817024000E8AD7 /* LrcDisplayCell.h */,
				01FDAD331C817024000E8AD7 /* LrcDisplayCell.m */,
				01FDAD341C817024000E8AD7 /* LrcDisplayCell.xib */,
			);
			path = Views;
			sourceTree = "<group>";
		};
		E133E7341C8084F900A6E697 /* Classes */ = {
			isa = PBXGroup;
			children = (
				01E36C1A1C85945C0011CB03 /* Models */,
				01E36C0D1C857AED0011CB03 /* Common */,
				01FDAD311C816FFB000E8AD7 /* Views */,
				E133E73E1C8085CC00A6E697 /* Controllers */,
				E133E7441C8085CC00A6E697 /* Tools */,
			);
			path = Classes;
			sourceTree = "<group>";
		};
		E133E73E1C8085CC00A6E697 /* Controllers */ = {
			isa = PBXGroup;
			children = (
				E133E74F1C80865000A6E697 /* ViewController.h */,
				E133E7501C80865000A6E697 /* ViewController.m */,
				01E36C111C857C3F0011CB03 /* XRBaseViewController.h */,
				01E36C121C857C3F0011CB03 /* XRBaseViewController.m */,
				01E36C141C857C650011CB03 /* PlayListViewController.h */,
				01E36C151C857C650011CB03 /* PlayListViewController.m */,
				01E36C171C857C760011CB03 /* PlayerViewController.h */,
				01E36C181C857C760011CB03 /* PlayerViewController.m */,
			);
			path = Controllers;
			sourceTree = "<group>";
		};
		E133E7441C8085CC00A6E697 /* Tools */ = {
			isa = PBXGroup;
			children = (
				010FB43A1C83F753002E0DDD /* AudioPlayer */,
				E133E7481C8085FB00A6E697 /* LrcParse */,
			);
			path = Tools;
			sourceTree = "<group>";
		};
		E133E7481C8085FB00A6E697 /* LrcParse */ = {
			isa = PBXGroup;
			children = (
				E133E74B1C8085FB00A6E697 /* LrcParseTool.h */,
				E133E74C1C8085FB00A6E697 /* LrcParseTool.m */,
				01FDAD371C81A0BF000E8AD7 /* LrcInfoModel.h */,
				01FDAD381C81A0BF000E8AD7 /* LrcInfoModel.m */,
				E133E7491C8085FB00A6E697 /* LrcModel.h */,
				E133E74A1C8085FB00A6E697 /* LrcModel.m */,
			);
			path = LrcParse;
			sourceTree = "<group>";
		};
/* End PBXGroup section */

/* Begin PBXNativeTarget section */
		01D19CB21C802D0F00C963F2 /* XRLrcParse */ = {
			isa = PBXNativeTarget;
			buildConfigurationList = 01D19CE01C802D0F00C963F2 /* Build configuration list for PBXNativeTarget "XRLrcParse" */;
			buildPhases = (
				01D19CAF1C802D0F00C963F2 /* Sources */,
				01D19CB01C802D0F00C963F2 /* Frameworks */,
				01D19CB11C802D0F00C963F2 /* Resources */,
			);
			buildRules = (
			);
			dependencies = (
			);
			name = XRLrcParse;
			productName = XRLrcParse;
			productReference = 01D19CB31C802D0F00C963F2 /* XRLrcParse.app */;
			productType = "com.apple.product-type.application";
		};
		01D19CCB1C802D0F00C963F2 /* XRLrcParseTests */ = {
			isa = PBXNativeTarget;
			buildConfigurationList = 01D19CE31C802D0F00C963F2 /* Build configuration list for PBXNativeTarget "XRLrcParseTests" */;
			buildPhases = (
				01D19CC81C802D0F00C963F2 /* Sources */,
				01D19CC91C802D0F00C963F2 /* Frameworks */,
				01D19CCA1C802D0F00C963F2 /* Resources */,
			);
			buildRules = (
			);
			dependencies = (
				01D19CCE1C802D0F00C963F2 /* PBXTargetDependency */,
			);
			name = XRLrcParseTests;
			productName = XRLrcParseTests;
			productReference = 01D19CCC1C802D0F00C963F2 /* XRLrcParseTests.xctest */;
			productType = "com.apple.product-type.bundle.unit-test";
		};
		01D19CD61C802D0F00C963F2 /* XRLrcParseUITests */ = {
			isa = PBXNativeTarget;
			buildConfigurationList = 01D19CE61C802D0F00C963F2 /* Build configuration list for PBXNativeTarget "XRLrcParseUITests" */;
			buildPhases = (
				01D19CD31C802D0F00C963F2 /* Sources */,
				01D19CD41C802D0F00C963F2 /* Frameworks */,
				01D19CD51C802D0F00C963F2 /* Resources */,
			);
			buildRules = (
			);
			dependencies = (
				01D19CD91C802D0F00C963F2 /* PBXTargetDependency */,
			);
			name = XRLrcParseUITests;
			productName = XRLrcParseUITests;
			productReference = 01D19CD71C802D0F00C963F2 /* XRLrcParseUITests.xctest */;
			productType = "com.apple.product-type.bundle.ui-testing";
		};
/* End PBXNativeTarget section */

/* Begin PBXProject section */
		01D19CAB1C802D0F00C963F2 /* Project object */ = {
			isa = PBXProject;
			attributes = {
				LastUpgradeCheck = 0720;
				ORGANIZATIONNAME = X.R;
				TargetAttributes = {
					01D19CB21C802D0F00C963F2 = {
						CreatedOnToolsVersion = 7.2;
					};
					01D19CCB1C802D0F00C963F2 = {
						CreatedOnToolsVersion = 7.2;
						TestTargetID = 01D19CB21C802D0F00C963F2;
					};
					01D19CD61C802D0F00C963F2 = {
						CreatedOnToolsVersion = 7.2;
						TestTargetID = 01D19CB21C802D0F00C963F2;
					};
				};
			};
			buildConfigurationList = 01D19CAE1C802D0F00C963F2 /* Build configuration list for PBXProject "XRLrcParse" */;
			compatibilityVersion = "Xcode 3.2";
			developmentRegion = English;
			hasScannedForEncodings = 0;
			knownRegions = (
				en,
				Base,
			);
			mainGroup = 01D19CAA1C802D0F00C963F2;
			productRefGroup = 01D19CB41C802D0F00C963F2 /* Products */;
			projectDirPath = "";
			projectRoot = "";
			targets = (
				01D19CB21C802D0F00C963F2 /* XRLrcParse */,
				01D19CCB1C802D0F00C963F2 /* XRLrcParseTests */,
				01D19CD61C802D0F00C963F2 /* XRLrcParseUITests */,
			);
		};
/* End PBXProject section */

/* Begin PBXResourcesBuildPhase section */
		01D19CB11C802D0F00C963F2 /* Resources */ = {
			isa = PBXResourcesBuildPhase;
			buildActionMask = 2147483647;
			files = (
				01D19CC61C802D0F00C963F2 /* LaunchScreen.storyboard in Resources */,
				01FDAD361C817024000E8AD7 /* LrcDisplayCell.xib in Resources */,
				01E36C211C85A05F0011CB03 /* 落花.mp3 in Resources */,
				01D19CC31C802D0F00C963F2 /* Assets.xcassets in Resources */,
				01D19CC11C802D0F00C963F2 /* Main.storyboard in Resources */,
				010FB4431C84290F002E0DDD /* 你看蓝蓝的天.lrc in Resources */,
				010FB4411C84281B002E0DDD /* 你看蓝蓝的天.mp3 in Resources */,
				01E36C201C85A05F0011CB03 /* 落花.lrc in Resources */,
			);
			runOnlyForDeploymentPostprocessing = 0;
		};
		01D19CCA1C802D0F00C963F2 /* Resources */ = {
			isa = PBXResourcesBuildPhase;
			buildActionMask = 2147483647;
			files = (
			);
			runOnlyForDeploymentPostprocessing = 0;
		};
		01D19CD51C802D0F00C963F2 /* Resources */ = {
			isa = PBXResourcesBuildPhase;
			buildActionMask = 2147483647;
			files = (
			);
			runOnlyForDeploymentPostprocessing = 0;
		};
/* End PBXResourcesBuildPhase section */

/* Begin PBXSourcesBuildPhase section */
		01D19CAF1C802D0F00C963F2 /* Sources */ = {
			isa = PBXSourcesBuildPhase;
			buildActionMask = 2147483647;
			files = (
				010FB49B1C843851002E0DDD /* STKHTTPDataSource.m in Sources */,
				E133E7511C80865000A6E697 /* ViewController.m in Sources */,
				010FB49A1C843851002E0DDD /* STKDataSourceWrapper.m in Sources */,
				01D19CBB1C802D0F00C963F2 /* AppDelegate.m in Sources */,
				010FB4961C843851002E0DDD /* STKAudioPlayer.m in Sources */,
				01D19CB81C802D0F00C963F2 /* main.m in Sources */,
				E133E74E1C8085FB00A6E697 /* LrcParseTool.m in Sources */,
				010FB4991C843851002E0DDD /* STKDataSource.m in Sources */,
				010FB4981C843851002E0DDD /* STKCoreFoundationDataSource.m in Sources */,
				01FDAD351C817024000E8AD7 /* LrcDisplayCell.m in Sources */,
				01E36C101C857B340011CB03 /* CustomNavigationController.m in Sources */,
				01E36C131C857C3F0011CB03 /* XRBaseViewController.m in Sources */,
				01E36C161C857C650011CB03 /* PlayListViewController.m in Sources */,
				010FB4971C843851002E0DDD /* STKAutoRecoveringHTTPDataSource.m in Sources */,
				01E36C1D1C85947D0011CB03 /* SongModel.m in Sources */,
				01E36C191C857C760011CB03 /* PlayerViewController.m in Sources */,
				010FB49C1C843851002E0DDD /* STKLocalFileDataSource.m in Sources */,
				E133E74D1C8085FB00A6E697 /* LrcModel.m in Sources */,
				01FDAD391C81A0BF000E8AD7 /* LrcInfoModel.m in Sources */,
				010FB4951C843851002E0DDD /* NSMutableArray+STKAudioPlayer.m in Sources */,
				010FB49D1C843851002E0DDD /* STKQueueEntry.m in Sources */,
				010FB43D1C83F79C002E0DDD /* AudioPlayer.m in Sources */,
			);
			runOnlyForDeploymentPostprocessing = 0;
		};
		01D19CC81C802D0F00C963F2 /* Sources */ = {
			isa = PBXSourcesBuildPhase;
			buildActionMask = 2147483647;
			files = (
				01D19CD11C802D0F00C963F2 /* XRLrcParseTests.m in Sources */,
			);
			runOnlyForDeploymentPostprocessing = 0;
		};
		01D19CD31C802D0F00C963F2 /* Sources */ = {
			isa = PBXSourcesBuildPhase;
			buildActionMask = 2147483647;
			files = (
				01D19CDC1C802D0F00C963F2 /* XRLrcParseUITests.m in Sources */,
			);
			runOnlyForDeploymentPostprocessing = 0;
		};
/* End PBXSourcesBuildPhase section */

/* Begin PBXTargetDependency section */
		01D19CCE1C802D0F00C963F2 /* PBXTargetDependency */ = {
			isa = PBXTargetDependency;
			target = 01D19CB21C802D0F00C963F2 /* XRLrcParse */;
			targetProxy = 01D19CCD1C802D0F00C963F2 /* PBXContainerItemProxy */;
		};
		01D19CD91C802D0F00C963F2 /* PBXTargetDependency */ = {
			isa = PBXTargetDependency;
			target = 01D19CB21C802D0F00C963F2 /* XRLrcParse */;
			targetProxy = 01D19CD81C802D0F00C963F2 /* PBXContainerItemProxy */;
		};
/* End PBXTargetDependency section */

/* Begin PBXVariantGroup section */
		01D19CBF1C802D0F00C963F2 /* Main.storyboard */ = {
			isa = PBXVariantGroup;
			children = (
				01D19CC01C802D0F00C963F2 /* Base */,
			);
			name = Main.storyboard;
			sourceTree = "<group>";
		};
		01D19CC41C802D0F00C963F2 /* LaunchScreen.storyboard */ = {
			isa = PBXVariantGroup;
			children = (
				01D19CC51C802D0F00C963F2 /* Base */,
			);
			name = LaunchScreen.storyboard;
			sourceTree = "<group>";
		};
/* End PBXVariantGroup section */

/* Begin XCBuildConfiguration section */
		01D19CDE1C802D0F00C963F2 /* Debug */ = {
			isa = XCBuildConfiguration;
			buildSettings = {
				ALWAYS_SEARCH_USER_PATHS = NO;
				CLANG_CXX_LANGUAGE_STANDARD = "gnu++0x";
				CLANG_CXX_LIBRARY = "libc++";
				CLANG_ENABLE_MODULES = YES;
				CLANG_ENABLE_OBJC_ARC = YES;
				CLANG_WARN_BOOL_CONVERSION = YES;
				CLANG_WARN_CONSTANT_CONVERSION = YES;
				CLANG_WARN_DIRECT_OBJC_ISA_USAGE = YES_ERROR;
				CLANG_WARN_EMPTY_BODY = YES;
				CLANG_WARN_ENUM_CONVERSION = YES;
				CLANG_WARN_INT_CONVERSION = YES;
				CLANG_WARN_OBJC_ROOT_CLASS = YES_ERROR;
				CLANG_WARN_UNREACHABLE_CODE = YES;
				CLANG_WARN__DUPLICATE_METHOD_MATCH = YES;
				"CODE_SIGN_IDENTITY[sdk=iphoneos*]" = "iPhone Developer";
				COPY_PHASE_STRIP = NO;
				DEBUG_INFORMATION_FORMAT = dwarf;
				ENABLE_STRICT_OBJC_MSGSEND = YES;
				ENABLE_TESTABILITY = YES;
				GCC_C_LANGUAGE_STANDARD = gnu99;
				GCC_DYNAMIC_NO_PIC = NO;
				GCC_NO_COMMON_BLOCKS = YES;
				GCC_OPTIMIZATION_LEVEL = 0;
				GCC_PREPROCESSOR_DEFINITIONS = (
					"DEBUG=1",
					"$(inherited)",
				);
				GCC_WARN_64_TO_32_BIT_CONVERSION = YES;
				GCC_WARN_ABOUT_RETURN_TYPE = YES_ERROR;
				GCC_WARN_UNDECLARED_SELECTOR = YES;
				GCC_WARN_UNINITIALIZED_AUTOS = YES_AGGRESSIVE;
				GCC_WARN_UNUSED_FUNCTION = YES;
				GCC_WARN_UNUSED_VARIABLE = YES;
				IPHONEOS_DEPLOYMENT_TARGET = 9.2;
				MTL_ENABLE_DEBUG_INFO = YES;
				ONLY_ACTIVE_ARCH = YES;
				SDKROOT = iphoneos;
			};
			name = Debug;
		};
		01D19CDF1C802D0F00C963F2 /* Release */ = {
			isa = XCBuildConfiguration;
			buildSettings = {
				ALWAYS_SEARCH_USER_PATHS = NO;
				CLANG_CXX_LANGUAGE_STANDARD = "gnu++0x";
				CLANG_CXX_LIBRARY = "libc++";
				CLANG_ENABLE_MODULES = YES;
				CLANG_ENABLE_OBJC_ARC = YES;
				CLANG_WARN_BOOL_CONVERSION = YES;
				CLANG_WARN_CONSTANT_CONVERSION = YES;
				CLANG_WARN_DIRECT_OBJC_ISA_USAGE = YES_ERROR;
				CLANG_WARN_EMPTY_BODY = YES;
				CLANG_WARN_ENUM_CONVERSION = YES;
				CLANG_WARN_INT_CONVERSION = YES;
				CLANG_WARN_OBJC_ROOT_CLASS = YES_ERROR;
				CLANG_WARN_UNREACHABLE_CODE = YES;
				CLANG_WARN__DUPLICATE_METHOD_MATCH = YES;
				"CODE_SIGN_IDENTITY[sdk=iphoneos*]" = "iPhone Developer";
				COPY_PHASE_STRIP = NO;
				DEBUG_INFORMATION_FORMAT = "dwarf-with-dsym";
				ENABLE_NS_ASSERTIONS = NO;
				ENABLE_STRICT_OBJC_MSGSEND = YES;
				GCC_C_LANGUAGE_STANDARD = gnu99;
				GCC_NO_COMMON_BLOCKS = YES;
				GCC_WARN_64_TO_32_BIT_CONVERSION = YES;
				GCC_WARN_ABOUT_RETURN_TYPE = YES_ERROR;
				GCC_WARN_UNDECLARED_SELECTOR = YES;
				GCC_WARN_UNINITIALIZED_AUTOS = YES_AGGRESSIVE;
				GCC_WARN_UNUSED_FUNCTION = YES;
				GCC_WARN_UNUSED_VARIABLE = YES;
				IPHONEOS_DEPLOYMENT_TARGET = 9.2;
				MTL_ENABLE_DEBUG_INFO = NO;
				SDKROOT = iphoneos;
				VALIDATE_PRODUCT = YES;
			};
			name = Release;
		};
		01D19CE11C802D0F00C963F2 /* Debug */ = {
			isa = XCBuildConfiguration;
			buildSettings = {
				ASSETCATALOG_COMPILER_APPICON_NAME = AppIcon;
				INFOPLIST_FILE = XRLrcParse/Info.plist;
				LD_RUNPATH_SEARCH_PATHS = "$(inherited) @executable_path/Frameworks";
				PRODUCT_BUNDLE_IDENTIFIER = com.kkguan.XRLrcParse;
				PRODUCT_NAME = "$(TARGET_NAME)";
			};
			name = Debug;
		};
		01D19CE21C802D0F00C963F2 /* Release */ = {
			isa = XCBuildConfiguration;
			buildSettings = {
				ASSETCATALOG_COMPILER_APPICON_NAME = AppIcon;
				INFOPLIST_FILE = XRLrcParse/Info.plist;
				LD_RUNPATH_SEARCH_PATHS = "$(inherited) @executable_path/Frameworks";
				PRODUCT_BUNDLE_IDENTIFIER = com.kkguan.XRLrcParse;
				PRODUCT_NAME = "$(TARGET_NAME)";
			};
			name = Release;
		};
		01D19CE41C802D0F00C963F2 /* Debug */ = {
			isa = XCBuildConfiguration;
			buildSettings = {
				BUNDLE_LOADER = "$(TEST_HOST)";
				INFOPLIST_FILE = XRLrcParseTests/Info.plist;
				LD_RUNPATH_SEARCH_PATHS = "$(inherited) @executable_path/Frameworks @loader_path/Frameworks";
				PRODUCT_BUNDLE_IDENTIFIER = com.kkguan.XRLrcParseTests;
				PRODUCT_NAME = "$(TARGET_NAME)";
				TEST_HOST = "$(BUILT_PRODUCTS_DIR)/XRLrcParse.app/XRLrcParse";
			};
			name = Debug;
		};
		01D19CE51C802D0F00C963F2 /* Release */ = {
			isa = XCBuildConfiguration;
			buildSettings = {
				BUNDLE_LOADER = "$(TEST_HOST)";
				INFOPLIST_FILE = XRLrcParseTests/Info.plist;
				LD_RUNPATH_SEARCH_PATHS = "$(inherited) @executable_path/Frameworks @loader_path/Frameworks";
				PRODUCT_BUNDLE_IDENTIFIER = com.kkguan.XRLrcParseTests;
				PRODUCT_NAME = "$(TARGET_NAME)";
				TEST_HOST = "$(BUILT_PRODUCTS_DIR)/XRLrcParse.app/XRLrcParse";
			};
			name = Release;
		};
		01D19CE71C802D0F00C963F2 /* Debug */ = {
			isa = XCBuildConfiguration;
			buildSettings = {
				INFOPLIST_FILE = XRLrcParseUITests/Info.plist;
				LD_RUNPATH_SEARCH_PATHS = "$(inherited) @executable_path/Frameworks @loader_path/Frameworks";
				PRODUCT_BUNDLE_IDENTIFIER = com.kkguan.XRLrcParseUITests;
				PRODUCT_NAME = "$(TARGET_NAME)";
				TEST_TARGET_NAME = XRLrcParse;
				USES_XCTRUNNER = YES;
			};
			name = Debug;
		};
		01D19CE81C802D0F00C963F2 /* Release */ = {
			isa = XCBuildConfiguration;
			buildSettings = {
				INFOPLIST_FILE = XRLrcParseUITests/Info.plist;
				LD_RUNPATH_SEARCH_PATHS = "$(inherited) @executable_path/Frameworks @loader_path/Frameworks";
				PRODUCT_BUNDLE_IDENTIFIER = com.kkguan.XRLrcParseUITests;
				PRODUCT_NAME = "$(TARGET_NAME)";
				TEST_TARGET_NAME = XRLrcParse;
				USES_XCTRUNNER = YES;
			};
			name = Release;
		};
/* End XCBuildConfiguration section */

/* Begin XCConfigurationList section */
		01D19CAE1C802D0F00C963F2 /* Build configuration list for PBXProject "XRLrcParse" */ = {
			isa = XCConfigurationList;
			buildConfigurations = (
				01D19CDE1C802D0F00C963F2 /* Debug */,
				01D19CDF1C802D0F00C963F2 /* Release */,
			);
			defaultConfigurationIsVisible = 0;
			defaultConfigurationName = Release;
		};
		01D19CE01C802D0F00C963F2 /* Build configuration list for PBXNativeTarget "XRLrcParse" */ = {
			isa = XCConfigurationList;
			buildConfigurations = (
				01D19CE11C802D0F00C963F2 /* Debug */,
				01D19CE21C802D0F00C963F2 /* Release */,
			);
			defaultConfigurationIsVisible = 0;
			defaultConfigurationName = Release;
		};
		01D19CE31C802D0F00C963F2 /* Build configuration list for PBXNativeTarget "XRLrcParseTests" */ = {
			isa = XCConfigurationList;
			buildConfigurations = (
				01D19CE41C802D0F00C963F2 /* Debug */,
				01D19CE51C802D0F00C963F2 /* Release */,
			);
			defaultConfigurationIsVisible = 0;
			defaultConfigurationName = Release;
		};
		01D19CE61C802D0F00C963F2 /* Build configuration list for PBXNativeTarget "XRLrcParseUITests" */ = {
			isa = XCConfigurationList;
			buildConfigurations = (
				01D19CE71C802D0F00C963F2 /* Debug */,
				01D19CE81C802D0F00C963F2 /* Release */,
			);
			defaultConfigurationIsVisible = 0;
			defaultConfigurationName = Release;
		};
/* End XCConfigurationList section */
	};
	rootObject = 01D19CAB1C802D0F00C963F2 /* Project object */;
}
